
Microsoft Visual Studio Solution File, Format Version 12.00
# Visual Studio Version 17
VisualStudioVersion = 17.6.33801.468
MinimumVisualStudioVersion = 10.0.40219.1
Project("{FAE04EC0-301F-11D3-BF4B-00C04F79EFBC}") = "BusinessClockApi", "BusinessClockApi\BusinessClockApi.csproj", "{49D5A7BB-6FDE-4319-A114-90A3E206F018}"
EndProject
Project("{FAE04EC0-301F-11D3-BF4B-00C04F79EFBC}") = "BusinessClock.IntegrationTests", "BusinessClock.IntegrationTests\BusinessClock.IntegrationTests.csproj", "{A529889A-7D2B-44F6-8F8A-EDABCE98D7C0}"
EndProject
Project("{FAE04EC0-301F-11D3-BF4B-00C04F79EFBC}") = "BusinessClock.UnitTests", "BusinessClock.UnitTests\BusinessClock.UnitTests.csproj", "{D475A2A2-E5F6-414E-BC1C-65FCA3D48B26}"
EndProject
Global
	GlobalSection(SolutionConfigurationPlatforms) = preSolution
		Debug|Any CPU = Debug|Any CPU
		Release|Any CPU = Release|Any CPU
	EndGlobalSection
	GlobalSection(ProjectConfigurationPlatforms) = postSolution
		{49D5A7BB-6FDE-4319-A114-90A3E206F018}.Debug|Any CPU.ActiveCfg = Debug|Any CPU
		{49D5A7BB-6FDE-4319-A114-90A3E206F018}.Debug|Any CPU.Build.0 = Debug|Any CPU
		{49D5A7BB-6FDE-4319-A114-90A3E206F018}.Release|Any CPU.ActiveCfg = Release|Any CPU
		{49D5A7BB-6FDE-4319-A114-90A3E206F018}.Release|Any CPU.Build.0 = Release|Any CPU
		{A529889A-7D2B-44F6-8F8A-EDABCE98D7C0}.Debug|Any CPU.ActiveCfg = Debug|Any CPU
		{A529889A-7D2B-44F6-8F8A-EDABCE98D7C0}.Debug|Any CPU.Build.0 = Debug|Any CPU
		{A529889A-7D2B-44F6-8F8A-EDABCE98D7C0}.Release|Any CPU.ActiveCfg = Release|Any CPU
		{A529889A-7D2B-44F6-8F8A-EDABCE98D7C0}.Release|Any CPU.Build.0 = Release|Any CPU
		{D475A2A2-E5F6-414E-BC1C-65FCA3D48B26}.Debug|Any CPU.ActiveCfg = Debug|Any CPU
		{D475A2A2-E5F6-414E-BC1C-65FCA3D48B26}.Debug|Any CPU.Build.0 = Debug|Any CPU
		{D475A2A2-E5F6-414E-BC1C-65FCA3D48B26}.Release|Any CPU.ActiveCfg = Release|Any CPU
		{D475A2A2-E5F6-414E-BC1C-65FCA3D48B26}.Release|Any CPU.Build.0 = Release|Any CPU
	EndGlobalSection
	GlobalSection(SolutionProperties) = preSolution
		HideSolutionNode = FALSE
	EndGlobalSection
	GlobalSection(ExtensibilityGlobals) = postSolution
		SolutionGuid = {6A90AE2B-63E7-45D6-85C6-883E88879EDE}
	EndGlobalSection
EndGlobal
